
Microsoft Visual Studio Solution File, Format Version 12.00
# Visual Studio Version 16
VisualStudioVersion = 16.0.30204.135
MinimumVisualStudioVersion = 10.0.40219.1
Project("{FAE04EC0-301F-11D3-BF4B-00C04F79EFBC}") = "Dodge Example 2020", "Dodge Example 2020\Dodge Example 2020.csproj", "{BC0A8415-95B6-4CA0-9EE3-CFD7BDEA8CB2}"
EndProject
Global
	GlobalSection(SolutionConfigurationPlatforms) = preSolution
		Debug|Any CPU = Debug|Any CPU
		Release|Any CPU = Release|Any CPU
	EndGlobalSection
	GlobalSection(ProjectConfigurationPlatforms) = postSolution
		{BC0A8415-95B6-4CA0-9EE3-CFD7BDEA8CB2}.Debug|Any CPU.ActiveCfg = Debug|Any CPU
		{BC0A8415-95B6-4CA0-9EE3-CFD7BDEA8CB2}.Debug|Any CPU.Build.0 = Debug|Any CPU
		{BC0A8415-95B6-4CA0-9EE3-CFD7BDEA8CB2}.Release|Any CPU.ActiveCfg = Release|Any CPU
		{BC0A8415-95B6-4CA0-9EE3-CFD7BDEA8CB2}.Release|Any CPU.Build.0 = Release|Any CPU
	EndGlobalSection
	GlobalSection(SolutionProperties) = preSolution
		HideSolutionNode = FALSE
	EndGlobalSection
	GlobalSection(ExtensibilityGlobals) = postSolution
		SolutionGuid = {542F608B-1F2E-44E6-8E15-391C45CC5C8D}
	EndGlobalSection
EndGlobal
